{"filter":false,"title":"package-lock.json","tooltip":"/guessing-game/package-lock.json","undoManager":{"mark":-1,"position":-1,"stack":[]},"ace":{"folds":[],"scrolltop":1380,"scrollleft":0,"selection":{"start":{"row":0,"column":0},"end":{"row":0,"column":0},"isBackwards":false},"options":{"guessTabSize":true,"useWrapMode":false,"wrapToView":true},"firstLineState":0},"timestamp":1658418036409,"hash":"347d9ea004f185a59bb8bd0e901745489ad42c36"}